{
  "requires": true,
  "lockfileVersion": 1,
  "dependencies": {
    "@babel/runtime-corejs2": {
      "version": "7.2.0",
      "resolved": "https://registry.npmjs.org/@babel/runtime-corejs2/-/runtime-corejs2-7.2.0.tgz",
      "integrity": "sha512-kPfmKoRI8Hpo5ZJGACWyrc9Eq1j3ZIUpUAQT2yH045OuYpccFJ9kYA/eErwzOM2jeBG1sC8XX1nl1EArtuM8tg==",
      "requires": {
        "core-js": "^2.5.7",
        "regenerator-runtime": "^0.12.0"
      }
    },
    "core-js": {
      "version": "2.6.0",
      "resolved": "https://registry.npmjs.org/core-js/-/core-js-2.6.0.tgz",
      "integrity": "sha512-kLRC6ncVpuEW/1kwrOXYX6KQASCVtrh1gQr/UiaVgFlf9WE5Vp+lNe5+h3LuMr5PAucWnnEXwH0nQHRH/gpGtw=="
    },
    "react-on-rails": {
      "version": "11.2.1",
      "resolved": "https://registry.npmjs.org/react-on-rails/-/react-on-rails-11.2.1.tgz",
      "integrity": "sha512-GY8if/w3JkrQNun1xB8O2GG0J8BCB66xranGk7o4TFQyfyeHIEhXbgDEfRM7Xmme4SHFjz1SUY+Oa73WgUcT9g==",
      "requires": {
        "@babel/runtime-corejs2": "^7.0.0"
      }
    },
    "regenerator-runtime": {
      "version": "0.12.1",
      "resolved": "https://registry.npmjs.org/regenerator-runtime/-/regenerator-runtime-0.12.1.tgz",
      "integrity": "sha512-odxIc1/vDlo4iZcfXqRYFj0vpXFNoGdKMAUieAlFYO6m/nl5e9KR/beGf41z4a1FI+aQgtjhuaSlDxQ0hmkrHg=="
    }
  }
}
